
Microsoft Visual Studio Solution File, Format Version 12.00
# Visual Studio Version 16
VisualStudioVersion = 16.0.29613.14
MinimumVisualStudioVersion = 10.0.40219.1
Project("{9A19103F-16F7-4668-BE54-9A1E7A4F7556}") = "Livraria - Henrique Firmino", "Livraria - Henrique Firmino\Livraria - Henrique Firmino.csproj", "{412270BB-8C5B-40DA-8D92-E2B9AC8DEAC7}"
EndProject
Project("{9A19103F-16F7-4668-BE54-9A1E7A4F7556}") = "Livraria.Henrique.Dados", "Livraria.Henrique.Dados\Livraria.Henrique.Dados.csproj", "{C283AFDF-467F-4401-9357-679258C9692A}"
EndProject
Global
	GlobalSection(SolutionConfigurationPlatforms) = preSolution
		Debug|Any CPU = Debug|Any CPU
		Release|Any CPU = Release|Any CPU
	EndGlobalSection
	GlobalSection(ProjectConfigurationPlatforms) = postSolution
		{412270BB-8C5B-40DA-8D92-E2B9AC8DEAC7}.Debug|Any CPU.ActiveCfg = Release|Any CPU
		{412270BB-8C5B-40DA-8D92-E2B9AC8DEAC7}.Debug|Any CPU.Build.0 = Release|Any CPU
		{412270BB-8C5B-40DA-8D92-E2B9AC8DEAC7}.Release|Any CPU.ActiveCfg = Release|Any CPU
		{412270BB-8C5B-40DA-8D92-E2B9AC8DEAC7}.Release|Any CPU.Build.0 = Release|Any CPU
		{C283AFDF-467F-4401-9357-679258C9692A}.Debug|Any CPU.ActiveCfg = Debug|Any CPU
		{C283AFDF-467F-4401-9357-679258C9692A}.Debug|Any CPU.Build.0 = Debug|Any CPU
		{C283AFDF-467F-4401-9357-679258C9692A}.Release|Any CPU.ActiveCfg = Release|Any CPU
		{C283AFDF-467F-4401-9357-679258C9692A}.Release|Any CPU.Build.0 = Release|Any CPU
	EndGlobalSection
	GlobalSection(SolutionProperties) = preSolution
		HideSolutionNode = FALSE
	EndGlobalSection
	GlobalSection(ExtensibilityGlobals) = postSolution
		SolutionGuid = {7B0FCDE5-796E-4C9C-90FA-1E4DDEFB19FF}
	EndGlobalSection
EndGlobal
